{
    "_meta": {
        "hash": {
            "sha256": "eb0a32fce506924323c92f0c702b8f179f0d2a34380c4bc2757e9c4e30b29afb"
        },
        "pipfile-spec": 6,
        "requires": {
            "python_version": "3.6"
        },
        "sources": [
            {
                "name": "pypi",
                "url": "https://pypi.python.org/simple",
                "verify_ssl": true
            }
        ]
    },
    "default": {
        "appdirs": {
            "hashes": [
                "sha256:9e5896d1372858f8dd3344faf4e5014d21849c756c8d5701f78f8a103b372d92",
                "sha256:d8b24664561d0d34ddfaec54636d502d7cea6e29c3eaf68f3df6180863e2166e"
            ],
            "index": "pypi",
            "version": "==1.4.3"
        },
        "astroid": {
            "hashes": [
                "sha256:271f1c9ad6519a5dde2a7f0c9b62c2923b55e16569bdd888f9f9055cc5be37ed",
                "sha256:9c19f72d865a539e91115cdb6a293b5c2fecb5f611fad38b21a961a925c2e3f1"
            ],
            "index": "pypi",
            "version": "==1.5.2"
        },
        "click": {
            "hashes": [
                "sha256:29f99fc6125fbc931b758dc053b3114e55c77a6e4c6c3a2674a2dc986016381d",
                "sha256:f15516df478d5a56180fbf80e68f206010e6d160fc39fa508b65e035fd75130b"
            ],
            "index": "pypi",
            "version": "==6.7"
        },
        "docopt": {
            "hashes": [
                "sha256:49b3a825280bd66b3aa83585ef59c4a8c82f2c8a522dbe754a8bc8d08c85c491"
            ],
            "index": "pypi",
            "version": "==0.6.2"
        },
        "flake8": {
            "hashes": [
                "sha256:83905eadba99f73fbfe966598aaf1682b3eb6755d2263c5b33a4e8367d60b0d1",
                "sha256:b907a26dcf5580753d8f80f1be0ec1d5c45b719f7bac441120793d1a70b03f12"
            ],
            "index": "pypi",
            "version": "==3.3.0"
        },
        "flask": {
            "hashes": [
                "sha256:7f03bb2c255452444f7265eddb51601806e5447b6f8a2d50bbc77a654a14c118",
                "sha256:93e803cdbe326a61ebd5c5d353959397c85f829bec610d59cb635c9f97d7ca8b"
            ],
            "index": "pypi",
            "version": "==0.12"
        },
        "isort": {
            "hashes": [
                "sha256:56b20044f43cf6e6783fe95d054e754acca52dd43fbe9277c1bdff835537ea5c",
                "sha256:a0c38c1c5e4c70ea1141daa80c740372ad94351e92e9e07da1cd86ce65653dc4"
            ],
            "index": "pypi",
            "version": "==4.2.5"
        },
        "itsdangerous": {
            "hashes": [
                "sha256:cbb3fcf8d3e33df861709ecaf89d9e6629cff0a217bc2848f1b41cd30d360519"
            ],
            "index": "pypi",
            "version": "==0.24"
        },
        "jinja2": {
            "hashes": [
                "sha256:702a24d992f856fa8d5a7a36db6128198d0c21e1da34448ca236c42e92384825",
                "sha256:a7b7438120dbe76a8e735ef7eba6048eaf4e0b7dbc530e100812f8ec462a4d50"
            ],
            "index": "pypi",
            "version": "==2.9.5"
        },
        "lazy-object-proxy": {
            "hashes": [
                "sha256:02f6fd26142b7bd3966848441b03996811f10bf90692c2335eef548917eed705",
                "sha256:18c55b4bfb9ce83f41e8223f40daafdbd0fde9ab8718406e58d934e1493111a0",
                "sha256:1efd529cdfad38daeb7708719b8acddf6718ccc65a4bf8b389d395292eb6f491",
                "sha256:23553a677fcf9f36518fbec101dc43a3236cb54443dfc89163b152bf500b7a70",
                "sha256:3909f5147629ee14389e7a596790fc8969f277a84254a651314a5c3a3bc6f391",
                "sha256:50154f691cde6514576239534bababc957a99052b42902af2402071549a97d49",
                "sha256:723e52dc698764ae75e30a9a3021e2138c49dfeae259172747bb22be823c9b0e",
                "sha256:7c627a3426a481ba75056e950e1b1ed4ea21a6bfb469bac2ce6a836616884338",
                "sha256:7d3bab52d845f0c63ed81be0a849d95aaa3da59e600611876adfd27bae2a65ca",
                "sha256:b83adc06c46039018b4b47ef2a5677006e899a52be16ff57df6229cd89d6a53b",
                "sha256:d192499a00a629dfe2246a99f19d070c57003043362b4db05ada429e9859441d",
                "sha256:d4de17625c0ab8b81337cf7408d53ad26c9605b4bbdc4f6532e87c9e645824dc",
                "sha256:ddd4cf1c74279c349cb7b9c54a2efa5105854f57de5f2d35829ee93631564268",
                "sha256:e0991ebfa8ead85d7028fb7ff6957ecc6b2e63106bcd90cddea39ab66ead12f2",
                "sha256:eebebfbeb3a6a588a6cdbc0d15794004f8450819043bb69a2827e8c6d73e1205",
                "sha256:f9884923b477d25ba64f370abeabaad8002a23fdf288a58da1e1f020a3aa5c5f"
            ],
            "index": "pypi",
            "version": "==1.2.2"
        },
        "markupsafe": {
            "hashes": [
                "sha256:a6be69091dac236ea9c6bc7d012beab42010fa914c459791d627dad4910eb665"
            ],
            "index": "pypi",
            "version": "==1.0"
        },
        "mccabe": {
            "hashes": [
                "sha256:ab8a6258860da4b6677da4bd2fe5dc2c659cff31b3ee4f7f5d64e79735b80d42",
                "sha256:dd8d182285a0fe56bace7f45b5e7d1a6ebcbf524e8f3bd87eb0f125271b8831f"
            ],
            "index": "pypi",
            "version": "==0.6.1"
        },
        "pipreqs": {
            "hashes": [
                "sha256:439543d659e426537ed6793c42142e3f4a95e0846dfac94fce7b186ba64f66ea",
                "sha256:54fb938b318f093c5226d0f99a92994bc83a209d2bca8801283f0b09f31ec634"
            ],
            "index": "pypi",
            "version": "==0.4.6"
        },
        "pycodestyle": {
            "hashes": [
                "sha256:682256a5b318149ca0d2a9185d365d8864a768a28db66a84a2ea946bcc426766",
                "sha256:6c4245ade1edfad79c3446fadfc96b0de2759662dc29d07d80a6f27ad1ca6ba9"
            ],
            "index": "pypi",
            "version": "==2.3.1"
        },
        "pyflakes": {
            "hashes": [
                "sha256:aa0d4dff45c0cc2214ba158d29280f8fa1129f3e87858ef825930845146337f4",
                "sha256:cc5eadfb38041f8366128786b4ca12700ed05bbf1403d808e89d57d67a3875a7"
            ],
            "index": "pypi",
            "version": "==1.5.0"
        },
        "pylint": {
            "hashes": [
                "sha256:402931e0b15ac2fa05387a125cb049aba4fcd841c362613c6ad1675e0e5135d8",
                "sha256:8b4a7ab6cf5062e40e2763c0b4a596020abada1d7304e369578b522e46a6264a"
            ],
            "index": "pypi",
            "version": "==1.7.1"
        },
        "pyparsing": {
            "hashes": [
                "sha256:0832bcf47acd283788593e7a0f542407bd9550a55a8a8435214a1960e04bcb04",
                "sha256:281683241b25fe9b80ec9d66017485f6deff1af5cde372469134b56ca8447a07",
                "sha256:8f1e18d3fd36c6795bb7e02a39fd05c611ffc2596c1e0d995d34d67630426c18",
                "sha256:9e8143a3e15c13713506886badd96ca4b579a87fbdf49e550dbfc057d6cb218e",
                "sha256:b8b3117ed9bdf45e14dcc89345ce638ec7e0e29b2b579fa1ecf32ce45ebac8a5",
                "sha256:e4d45427c6e20a59bf4f88c639dcc03ce30d193112047f94012102f235853a58",
                "sha256:fee43f17a9c4087e7ed1605bd6df994c6173c1e977d7ade7b651292fab2bd010"
            ],
            "index": "pypi",
            "version": "==2.2.0"
        },
        "requests": {
            "hashes": [
                "sha256:1a720e8862a41aa22e339373b526f508ef0c8988baf48b84d3fc891a8e237efb",
                "sha256:5722cd09762faa01276230270ff16af7acf7c5c45d623868d9ba116f15791ce8"
            ],
            "index": "pypi",
            "version": "==2.13.0"
        },
        "six": {
            "hashes": [
                "sha256:0ff78c403d9bccf5a425a6d31a12aa6b47f1c21ca4dc2573a7e2f32a97335eb1",
                "sha256:105f8d68616f8248e24bf0e9372ef04d3cc10104f1980f54d57b2ce73a5ad56a"
            ],
            "index": "pypi",
            "version": "==1.10.0"
        },
        "werkzeug": {
            "hashes": [
                "sha256:6716830febe9808bb7521fd26db3b398450cbed0886b2b4bea678b87340f534e",
                "sha256:918322630c58fa52b89e14c45de3ad78514e18928dac726060bb89cd647f6b83"
            ],
            "index": "pypi",
            "version": "==0.12.1"
        },
        "wrapt": {
            "hashes": [
                "sha256:42160c91b77f1bc64a955890038e02f2f72986c01d462d53cb6cb039b995cdd9"
            ],
            "index": "pypi",
            "version": "==1.10.10"
        },
        "yarg": {
            "hashes": [
                "sha256:4f9cebdc00fac946c9bf2783d634e538a71c7d280a4d806d45fd4dc0ef441492",
                "sha256:55695bf4d1e3e7f756496c36a69ba32c40d18f821e38f61d028f6049e5e15911"
            ],
            "index": "pypi",
            "version": "==0.1.9"
        }
    },
    "develop": {}
}
